// !$*UTF8*$!
{
	archiveVersion = 1;
	classes = {
	};
	objectVersion = 56;
	objects = {

/* Begin PBXBuildFile section */
		5E2DC7392904F4BD00EC49BE /* InputInPresenter.swift in Sources */ = {isa = PBXBuildFile; fileRef = 5E2DC7382904F4BD00EC49BE /* InputInPresenter.swift */; };
		5E34A3F528F80A2D00637BE7 /* AppDelegate.swift in Sources */ = {isa = PBXBuildFile; fileRef = 5E34A3F428F80A2D00637BE7 /* AppDelegate.swift */; };
		5E34A3F728F80A2D00637BE7 /* SceneDelegate.swift in Sources */ = {isa = PBXBuildFile; fileRef = 5E34A3F628F80A2D00637BE7 /* SceneDelegate.swift */; };
		5E34A3F928F80A2D00637BE7 /* CoinsViewController.swift in Sources */ = {isa = PBXBuildFile; fileRef = 5E34A3F828F80A2D00637BE7 /* CoinsViewController.swift */; };
		5E34A3FE28F80A2F00637BE7 /* Assets.xcassets in Resources */ = {isa = PBXBuildFile; fileRef = 5E34A3FD28F80A2F00637BE7 /* Assets.xcassets */; };
		5E34A40C28F80A9700637BE7 /* Presenter.swift in Sources */ = {isa = PBXBuildFile; fileRef = 5E34A40B28F80A9600637BE7 /* Presenter.swift */; };
		5E34A40E28F80AA100637BE7 /* CryptoCoin.swift in Sources */ = {isa = PBXBuildFile; fileRef = 5E34A40D28F80AA100637BE7 /* CryptoCoin.swift */; };
		5E34A41028F80B2C00637BE7 /* NetworkManager.swift in Sources */ = {isa = PBXBuildFile; fileRef = 5E34A40F28F80B2C00637BE7 /* NetworkManager.swift */; };
		5E34A41328F80BA100637BE7 /* CryptoProtocol.swift in Sources */ = {isa = PBXBuildFile; fileRef = 5E34A41228F80BA100637BE7 /* CryptoProtocol.swift */; };
		5E34A41728F80D4700637BE7 /* CryptoData.swift in Sources */ = {isa = PBXBuildFile; fileRef = 5E34A41628F80D4700637BE7 /* CryptoData.swift */; };
		5E34A41928F81AA800637BE7 /* LocalStorage.swift in Sources */ = {isa = PBXBuildFile; fileRef = 5E34A41828F81AA800637BE7 /* LocalStorage.swift */; };
		5E34A41D28F843AD00637BE7 /* CoinCustomCell.swift in Sources */ = {isa = PBXBuildFile; fileRef = 5E34A41C28F843AD00637BE7 /* CoinCustomCell.swift */; };
		5E34A42028F84B9200637BE7 /* DelegateToViewProtocol.swift in Sources */ = {isa = PBXBuildFile; fileRef = 5E34A41F28F84B9200637BE7 /* DelegateToViewProtocol.swift */; };
		5E4D56CB29091B6F0076A697 /* CoinDetailViewController.swift in Sources */ = {isa = PBXBuildFile; fileRef = 5E4D56CA29091B6F0076A697 /* CoinDetailViewController.swift */; };
		5E7D1CA4290028CF002A0030 /* TabBarController.swift in Sources */ = {isa = PBXBuildFile; fileRef = 5E7D1CA3290028CF002A0030 /* TabBarController.swift */; };
		5E7D1CA629002BDD002A0030 /* ConverterCoinsViewController.swift in Sources */ = {isa = PBXBuildFile; fileRef = 5E7D1CA529002BDD002A0030 /* ConverterCoinsViewController.swift */; };
		5E7D1CA82900390C002A0030 /* DataModel.swift in Sources */ = {isa = PBXBuildFile; fileRef = 5E7D1CA72900390C002A0030 /* DataModel.swift */; };
		5E7D1CAC2901C60D002A0030 /* ConverterCoinsView.swift in Sources */ = {isa = PBXBuildFile; fileRef = 5E7D1CAB2901C60D002A0030 /* ConverterCoinsView.swift */; };
		5E99F3C1290595EE00E34764 /* OutputPresenter.swift in Sources */ = {isa = PBXBuildFile; fileRef = 5E99F3C0290595EE00E34764 /* OutputPresenter.swift */; };
		5ED9A90F28FA86BF0015EDA6 /* Constants.swift in Sources */ = {isa = PBXBuildFile; fileRef = 5ED9A90E28FA86BF0015EDA6 /* Constants.swift */; };
/* End PBXBuildFile section */

/* Begin PBXFileReference section */
		5E2DC7382904F4BD00EC49BE /* InputInPresenter.swift */ = {isa = PBXFileReference; lastKnownFileType = sourcecode.swift; path = InputInPresenter.swift; sourceTree = "<group>"; };
		5E34A3F128F80A2D00637BE7 /* CoinCap.app */ = {isa = PBXFileReference; explicitFileType = wrapper.application; includeInIndex = 0; path = CoinCap.app; sourceTree = BUILT_PRODUCTS_DIR; };
		5E34A3F428F80A2D00637BE7 /* AppDelegate.swift */ = {isa = PBXFileReference; lastKnownFileType = sourcecode.swift; path = AppDelegate.swift; sourceTree = "<group>"; };
		5E34A3F628F80A2D00637BE7 /* SceneDelegate.swift */ = {isa = PBXFileReference; lastKnownFileType = sourcecode.swift; path = SceneDelegate.swift; sourceTree = "<group>"; };
		5E34A3F828F80A2D00637BE7 /* CoinsViewController.swift */ = {isa = PBXFileReference; lastKnownFileType = sourcecode.swift; path = CoinsViewController.swift; sourceTree = "<group>"; };
		5E34A3FD28F80A2F00637BE7 /* Assets.xcassets */ = {isa = PBXFileReference; lastKnownFileType = folder.assetcatalog; path = Assets.xcassets; sourceTree = "<group>"; };
		5E34A40228F80A2F00637BE7 /* Info.plist */ = {isa = PBXFileReference; lastKnownFileType = text.plist.xml; path = Info.plist; sourceTree = "<group>"; };
		5E34A40B28F80A9600637BE7 /* Presenter.swift */ = {isa = PBXFileReference; lastKnownFileType = sourcecode.swift; path = Presenter.swift; sourceTree = "<group>"; };
		5E34A40D28F80AA100637BE7 /* CryptoCoin.swift */ = {isa = PBXFileReference; lastKnownFileType = sourcecode.swift; path = CryptoCoin.swift; sourceTree = "<group>"; };
		5E34A40F28F80B2C00637BE7 /* NetworkManager.swift */ = {isa = PBXFileReference; lastKnownFileType = sourcecode.swift; path = NetworkManager.swift; sourceTree = "<group>"; };
		5E34A41228F80BA100637BE7 /* CryptoProtocol.swift */ = {isa = PBXFileReference; lastKnownFileType = sourcecode.swift; path = CryptoProtocol.swift; sourceTree = "<group>"; };
		5E34A41628F80D4700637BE7 /* CryptoData.swift */ = {isa = PBXFileReference; lastKnownFileType = sourcecode.swift; path = CryptoData.swift; sourceTree = "<group>"; };
		5E34A41828F81AA800637BE7 /* LocalStorage.swift */ = {isa = PBXFileReference; lastKnownFileType = sourcecode.swift; path = LocalStorage.swift; sourceTree = "<group>"; };
		5E34A41C28F843AD00637BE7 /* CoinCustomCell.swift */ = {isa = PBXFileReference; lastKnownFileType = sourcecode.swift; path = CoinCustomCell.swift; sourceTree = "<group>"; };
		5E34A41F28F84B9200637BE7 /* DelegateToViewProtocol.swift */ = {isa = PBXFileReference; lastKnownFileType = sourcecode.swift; path = DelegateToViewProtocol.swift; sourceTree = "<group>"; };
		5E4D56CA29091B6F0076A697 /* CoinDetailViewController.swift */ = {isa = PBXFileReference; lastKnownFileType = sourcecode.swift; path = CoinDetailViewController.swift; sourceTree = "<group>"; };
		5E7D1CA3290028CF002A0030 /* TabBarController.swift */ = {isa = PBXFileReference; lastKnownFileType = sourcecode.swift; path = TabBarController.swift; sourceTree = "<group>"; };
		5E7D1CA529002BDD002A0030 /* ConverterCoinsViewController.swift */ = {isa = PBXFileReference; lastKnownFileType = sourcecode.swift; path = ConverterCoinsViewController.swift; sourceTree = "<group>"; };
		5E7D1CA72900390C002A0030 /* DataModel.swift */ = {isa = PBXFileReference; lastKnownFileType = sourcecode.swift; path = DataModel.swift; sourceTree = "<group>"; };
		5E7D1CAB2901C60D002A0030 /* ConverterCoinsView.swift */ = {isa = PBXFileReference; lastKnownFileType = sourcecode.swift; path = ConverterCoinsView.swift; sourceTree = "<group>"; };
		5E99F3C0290595EE00E34764 /* OutputPresenter.swift */ = {isa = PBXFileReference; lastKnownFileType = sourcecode.swift; path = OutputPresenter.swift; sourceTree = "<group>"; };
		5ED9A90E28FA86BF0015EDA6 /* Constants.swift */ = {isa = PBXFileReference; lastKnownFileType = sourcecode.swift; path = Constants.swift; sourceTree = "<group>"; };
/* End PBXFileReference section */

/* Begin PBXFrameworksBuildPhase section */
		5E34A3EE28F80A2D00637BE7 /* Frameworks */ = {
			isa = PBXFrameworksBuildPhase;
			buildActionMask = 2147483647;
			files = (
			);
			runOnlyForDeploymentPostprocessing = 0;
		};
/* End PBXFrameworksBuildPhase section */

/* Begin PBXGroup section */
		5E34A3E828F80A2D00637BE7 = {
			isa = PBXGroup;
			children = (
				5E34A3F328F80A2D00637BE7 /* CoinCap */,
				5E34A3F228F80A2D00637BE7 /* Products */,
			);
			sourceTree = "<group>";
		};
		5E34A3F228F80A2D00637BE7 /* Products */ = {
			isa = PBXGroup;
			children = (
				5E34A3F128F80A2D00637BE7 /* CoinCap.app */,
			);
			name = Products;
			sourceTree = "<group>";
		};
		5E34A3F328F80A2D00637BE7 /* CoinCap */ = {
			isa = PBXGroup;
			children = (
				5E34A3F428F80A2D00637BE7 /* AppDelegate.swift */,
				5E34A3F628F80A2D00637BE7 /* SceneDelegate.swift */,
				5E34A41128F80B8600637BE7 /* Helper  */,
				5E34A40828F80A6700637BE7 /* Model */,
				5E34A40A28F80A7100637BE7 /* View */,
				5E34A40928F80A6C00637BE7 /* Presenter */,
				5E34A3FD28F80A2F00637BE7 /* Assets.xcassets */,
				5E34A40228F80A2F00637BE7 /* Info.plist */,
			);
			path = CoinCap;
			sourceTree = "<group>";
		};
		5E34A40828F80A6700637BE7 /* Model */ = {
			isa = PBXGroup;
			children = (
				5E7D1CA72900390C002A0030 /* DataModel.swift */,
				5E34A40D28F80AA100637BE7 /* CryptoCoin.swift */,
				5E34A41828F81AA800637BE7 /* LocalStorage.swift */,
				5E34A41528F80CEE00637BE7 /* Network */,
			);
			path = Model;
			sourceTree = "<group>";
		};
		5E34A40928F80A6C00637BE7 /* Presenter */ = {
			isa = PBXGroup;
			children = (
				5E34A40B28F80A9600637BE7 /* Presenter.swift */,
			);
			path = Presenter;
			sourceTree = "<group>";
		};
		5E34A40A28F80A7100637BE7 /* View */ = {
			isa = PBXGroup;
			children = (
				5E7D1CA3290028CF002A0030 /* TabBarController.swift */,
				5E7D1CA92901C505002A0030 /* CollectionCoins */,
				5E4D56C929091B530076A697 /* CoinDetail */,
				5E7D1CAA2901C522002A0030 /* Converter */,
			);
			path = View;
			sourceTree = "<group>";
		};
		5E34A41128F80B8600637BE7 /* Helper  */ = {
			isa = PBXGroup;
			children = (
				5ED9A90E28FA86BF0015EDA6 /* Constants.swift */,
				5E34A41E28F84B7400637BE7 /* Delegate */,
			);
			path = "Helper ";
			sourceTree = "<group>";
		};
		5E34A41428F80CD900637BE7 /* JSONModel */ = {
			isa = PBXGroup;
			children = (
				5E34A41628F80D4700637BE7 /* CryptoData.swift */,
			);
			path = JSONModel;
			sourceTree = "<group>";
		};
		5E34A41528F80CEE00637BE7 /* Network */ = {
			isa = PBXGroup;
			children = (
				5E34A40F28F80B2C00637BE7 /* NetworkManager.swift */,
				5E34A41428F80CD900637BE7 /* JSONModel */,
			);
			path = Network;
			sourceTree = "<group>";
		};
		5E34A41E28F84B7400637BE7 /* Delegate */ = {
			isa = PBXGroup;
			children = (
				5E34A41228F80BA100637BE7 /* CryptoProtocol.swift */,
				5E34A41F28F84B9200637BE7 /* DelegateToViewProtocol.swift */,
				5E2DC7382904F4BD00EC49BE /* InputInPresenter.swift */,
				5E99F3C0290595EE00E34764 /* OutputPresenter.swift */,
			);
			path = Delegate;
			sourceTree = "<group>";
		};
		5E4D56C929091B530076A697 /* CoinDetail */ = {
			isa = PBXGroup;
			children = (
				5E4D56CA29091B6F0076A697 /* CoinDetailViewController.swift */,
			);
			path = CoinDetail;
			sourceTree = "<group>";
		};
		5E7D1CA92901C505002A0030 /* CollectionCoins */ = {
			isa = PBXGroup;
			children = (
				5E34A3F828F80A2D00637BE7 /* CoinsViewController.swift */,
				5E34A41C28F843AD00637BE7 /* CoinCustomCell.swift */,
			);
			path = CollectionCoins;
			sourceTree = "<group>";
		};
		5E7D1CAA2901C522002A0030 /* Converter */ = {
			isa = PBXGroup;
			children = (
				5E7D1CA529002BDD002A0030 /* ConverterCoinsViewController.swift */,
				5E7D1CAB2901C60D002A0030 /* ConverterCoinsView.swift */,
			);
			path = Converter;
			sourceTree = "<group>";
		};
/* End PBXGroup section */

/* Begin PBXNativeTarget section */
		5E34A3F028F80A2D00637BE7 /* CoinCap */ = {
			isa = PBXNativeTarget;
			buildConfigurationList = 5E34A40528F80A2F00637BE7 /* Build configuration list for PBXNativeTarget "CoinCap" */;
			buildPhases = (
				5E34A3ED28F80A2D00637BE7 /* Sources */,
				5E34A3EE28F80A2D00637BE7 /* Frameworks */,
				5E34A3EF28F80A2D00637BE7 /* Resources */,
			);
			buildRules = (
			);
			dependencies = (
			);
			name = CoinCap;
			productName = CoinCap;
			productReference = 5E34A3F128F80A2D00637BE7 /* CoinCap.app */;
			productType = "com.apple.product-type.application";
		};
/* End PBXNativeTarget section */

/* Begin PBXProject section */
		5E34A3E928F80A2D00637BE7 /* Project object */ = {
			isa = PBXProject;
			attributes = {
				BuildIndependentTargetsInParallel = 1;
				LastSwiftUpdateCheck = 1400;
				LastUpgradeCheck = 1400;
				TargetAttributes = {
					5E34A3F028F80A2D00637BE7 = {
						CreatedOnToolsVersion = 14.0;
					};
				};
			};
			buildConfigurationList = 5E34A3EC28F80A2D00637BE7 /* Build configuration list for PBXProject "CoinCap" */;
			compatibilityVersion = "Xcode 14.0";
			developmentRegion = en;
			hasScannedForEncodings = 0;
			knownRegions = (
				en,
				Base,
			);
			mainGroup = 5E34A3E828F80A2D00637BE7;
			productRefGroup = 5E34A3F228F80A2D00637BE7 /* Products */;
			projectDirPath = "";
			projectRoot = "";
			targets = (
				5E34A3F028F80A2D00637BE7 /* CoinCap */,
			);
		};
/* End PBXProject section */

/* Begin PBXResourcesBuildPhase section */
		5E34A3EF28F80A2D00637BE7 /* Resources */ = {
			isa = PBXResourcesBuildPhase;
			buildActionMask = 2147483647;
			files = (
				5E34A3FE28F80A2F00637BE7 /* Assets.xcassets in Resources */,
			);
			runOnlyForDeploymentPostprocessing = 0;
		};
/* End PBXResourcesBuildPhase section */

/* Begin PBXSourcesBuildPhase section */
		5E34A3ED28F80A2D00637BE7 /* Sources */ = {
			isa = PBXSourcesBuildPhase;
			buildActionMask = 2147483647;
			files = (
				5E34A41928F81AA800637BE7 /* LocalStorage.swift in Sources */,
				5E7D1CAC2901C60D002A0030 /* ConverterCoinsView.swift in Sources */,
				5E34A41028F80B2C00637BE7 /* NetworkManager.swift in Sources */,
				5E34A40E28F80AA100637BE7 /* CryptoCoin.swift in Sources */,
				5E34A41D28F843AD00637BE7 /* CoinCustomCell.swift in Sources */,
				5E34A3F928F80A2D00637BE7 /* CoinsViewController.swift in Sources */,
				5E7D1CA82900390C002A0030 /* DataModel.swift in Sources */,
				5E34A3F528F80A2D00637BE7 /* AppDelegate.swift in Sources */,
				5E34A40C28F80A9700637BE7 /* Presenter.swift in Sources */,
				5E99F3C1290595EE00E34764 /* OutputPresenter.swift in Sources */,
				5E34A41728F80D4700637BE7 /* CryptoData.swift in Sources */,
				5E34A3F728F80A2D00637BE7 /* SceneDelegate.swift in Sources */,
				5E2DC7392904F4BD00EC49BE /* InputInPresenter.swift in Sources */,
				5E7D1CA4290028CF002A0030 /* TabBarController.swift in Sources */,
				5E4D56CB29091B6F0076A697 /* CoinDetailViewController.swift in Sources */,
				5E34A42028F84B9200637BE7 /* DelegateToViewProtocol.swift in Sources */,
				5E34A41328F80BA100637BE7 /* CryptoProtocol.swift in Sources */,
				5E7D1CA629002BDD002A0030 /* ConverterCoinsViewController.swift in Sources */,
				5ED9A90F28FA86BF0015EDA6 /* Constants.swift in Sources */,
			);
			runOnlyForDeploymentPostprocessing = 0;
		};
/* End PBXSourcesBuildPhase section */

/* Begin XCBuildConfiguration section */
		5E34A40328F80A2F00637BE7 /* Debug */ = {
			isa = XCBuildConfiguration;
			buildSettings = {
				ALWAYS_SEARCH_USER_PATHS = NO;
				CLANG_ANALYZER_NONNULL = YES;
				CLANG_ANALYZER_NUMBER_OBJECT_CONVERSION = YES_AGGRESSIVE;
				CLANG_CXX_LANGUAGE_STANDARD = "gnu++20";
				CLANG_ENABLE_MODULES = YES;
				CLANG_ENABLE_OBJC_ARC = YES;
				CLANG_ENABLE_OBJC_WEAK = YES;
				CLANG_WARN_BLOCK_CAPTURE_AUTORELEASING = YES;
				CLANG_WARN_BOOL_CONVERSION = YES;
				CLANG_WARN_COMMA = YES;
				CLANG_WARN_CONSTANT_CONVERSION = YES;
				CLANG_WARN_DEPRECATED_OBJC_IMPLEMENTATIONS = YES;
				CLANG_WARN_DIRECT_OBJC_ISA_USAGE = YES_ERROR;
				CLANG_WARN_DOCUMENTATION_COMMENTS = YES;
				CLANG_WARN_EMPTY_BODY = YES;
				CLANG_WARN_ENUM_CONVERSION = YES;
				CLANG_WARN_INFINITE_RECURSION = YES;
				CLANG_WARN_INT_CONVERSION = YES;
				CLANG_WARN_NON_LITERAL_NULL_CONVERSION = YES;
				CLANG_WARN_OBJC_IMPLICIT_RETAIN_SELF = YES;
				CLANG_WARN_OBJC_LITERAL_CONVERSION = YES;
				CLANG_WARN_OBJC_ROOT_CLASS = YES_ERROR;
				CLANG_WARN_QUOTED_INCLUDE_IN_FRAMEWORK_HEADER = YES;
				CLANG_WARN_RANGE_LOOP_ANALYSIS = YES;
				CLANG_WARN_STRICT_PROTOTYPES = YES;
				CLANG_WARN_SUSPICIOUS_MOVE = YES;
				CLANG_WARN_UNGUARDED_AVAILABILITY = YES_AGGRESSIVE;
				CLANG_WARN_UNREACHABLE_CODE = YES;
				CLANG_WARN__DUPLICATE_METHOD_MATCH = YES;
				COPY_PHASE_STRIP = NO;
				DEBUG_INFORMATION_FORMAT = dwarf;
				ENABLE_STRICT_OBJC_MSGSEND = YES;
				ENABLE_TESTABILITY = YES;
				GCC_C_LANGUAGE_STANDARD = gnu11;
				GCC_DYNAMIC_NO_PIC = NO;
				GCC_NO_COMMON_BLOCKS = YES;
				GCC_OPTIMIZATION_LEVEL = 0;
				GCC_PREPROCESSOR_DEFINITIONS = (
					"DEBUG=1",
					"$(inherited)",
				);
				GCC_WARN_64_TO_32_BIT_CONVERSION = YES;
				GCC_WARN_ABOUT_RETURN_TYPE = YES_ERROR;
				GCC_WARN_UNDECLARED_SELECTOR = YES;
				GCC_WARN_UNINITIALIZED_AUTOS = YES_AGGRESSIVE;
				GCC_WARN_UNUSED_FUNCTION = YES;
				GCC_WARN_UNUSED_VARIABLE = YES;
				IPHONEOS_DEPLOYMENT_TARGET = 16.0;
				MTL_ENABLE_DEBUG_INFO = INCLUDE_SOURCE;
				MTL_FAST_MATH = YES;
				ONLY_ACTIVE_ARCH = YES;
				SDKROOT = iphoneos;
				SWIFT_ACTIVE_COMPILATION_CONDITIONS = DEBUG;
				SWIFT_OPTIMIZATION_LEVEL = "-Onone";
			};
			name = Debug;
		};
		5E34A40428F80A2F00637BE7 /* Release */ = {
			isa = XCBuildConfiguration;
			buildSettings = {
				ALWAYS_SEARCH_USER_PATHS = NO;
				CLANG_ANALYZER_NONNULL = YES;
				CLANG_ANALYZER_NUMBER_OBJECT_CONVERSION = YES_AGGRESSIVE;
				CLANG_CXX_LANGUAGE_STANDARD = "gnu++20";
				CLANG_ENABLE_MODULES = YES;
				CLANG_ENABLE_OBJC_ARC = YES;
				CLANG_ENABLE_OBJC_WEAK = YES;
				CLANG_WARN_BLOCK_CAPTURE_AUTORELEASING = YES;
				CLANG_WARN_BOOL_CONVERSION = YES;
				CLANG_WARN_COMMA = YES;
				CLANG_WARN_CONSTANT_CONVERSION = YES;
				CLANG_WARN_DEPRECATED_OBJC_IMPLEMENTATIONS = YES;
				CLANG_WARN_DIRECT_OBJC_ISA_USAGE = YES_ERROR;
				CLANG_WARN_DOCUMENTATION_COMMENTS = YES;
				CLANG_WARN_EMPTY_BODY = YES;
				CLANG_WARN_ENUM_CONVERSION = YES;
				CLANG_WARN_INFINITE_RECURSION = YES;
				CLANG_WARN_INT_CONVERSION = YES;
				CLANG_WARN_NON_LITERAL_NULL_CONVERSION = YES;
				CLANG_WARN_OBJC_IMPLICIT_RETAIN_SELF = YES;
				CLANG_WARN_OBJC_LITERAL_CONVERSION = YES;
				CLANG_WARN_OBJC_ROOT_CLASS = YES_ERROR;
				CLANG_WARN_QUOTED_INCLUDE_IN_FRAMEWORK_HEADER = YES;
				CLANG_WARN_RANGE_LOOP_ANALYSIS = YES;
				CLANG_WARN_STRICT_PROTOTYPES = YES;
				CLANG_WARN_SUSPICIOUS_MOVE = YES;
				CLANG_WARN_UNGUARDED_AVAILABILITY = YES_AGGRESSIVE;
				CLANG_WARN_UNREACHABLE_CODE = YES;
				CLANG_WARN__DUPLICATE_METHOD_MATCH = YES;
				COPY_PHASE_STRIP = NO;
				DEBUG_INFORMATION_FORMAT = "dwarf-with-dsym";
				ENABLE_NS_ASSERTIONS = NO;
				ENABLE_STRICT_OBJC_MSGSEND = YES;
				GCC_C_LANGUAGE_STANDARD = gnu11;
				GCC_NO_COMMON_BLOCKS = YES;
				GCC_WARN_64_TO_32_BIT_CONVERSION = YES;
				GCC_WARN_ABOUT_RETURN_TYPE = YES_ERROR;
				GCC_WARN_UNDECLARED_SELECTOR = YES;
				GCC_WARN_UNINITIALIZED_AUTOS = YES_AGGRESSIVE;
				GCC_WARN_UNUSED_FUNCTION = YES;
				GCC_WARN_UNUSED_VARIABLE = YES;
				IPHONEOS_DEPLOYMENT_TARGET = 16.0;
				MTL_ENABLE_DEBUG_INFO = NO;
				MTL_FAST_MATH = YES;
				SDKROOT = iphoneos;
				SWIFT_COMPILATION_MODE = wholemodule;
				SWIFT_OPTIMIZATION_LEVEL = "-O";
				VALIDATE_PRODUCT = YES;
			};
			name = Release;
		};
		5E34A40628F80A2F00637BE7 /* Debug */ = {
			isa = XCBuildConfiguration;
			buildSettings = {
				ASSETCATALOG_COMPILER_APPICON_NAME = AppIcon;
				ASSETCATALOG_COMPILER_GLOBAL_ACCENT_COLOR_NAME = AccentColor;
				CODE_SIGN_STYLE = Automatic;
				CURRENT_PROJECT_VERSION = 1;
				DEVELOPMENT_TEAM = 3UW6R7LBJ3;
				GENERATE_INFOPLIST_FILE = YES;
				INFOPLIST_FILE = CoinCap/Info.plist;
				INFOPLIST_KEY_UIApplicationSupportsIndirectInputEvents = YES;
				INFOPLIST_KEY_UILaunchStoryboardName = LaunchScreen;
				INFOPLIST_KEY_UIMainStoryboardFile = "";
				INFOPLIST_KEY_UISupportedInterfaceOrientations_iPad = "UIInterfaceOrientationPortrait UIInterfaceOrientationPortraitUpsideDown UIInterfaceOrientationLandscapeLeft UIInterfaceOrientationLandscapeRight";
				INFOPLIST_KEY_UISupportedInterfaceOrientations_iPhone = "UIInterfaceOrientationPortrait UIInterfaceOrientationLandscapeLeft UIInterfaceOrientationLandscapeRight";
				LD_RUNPATH_SEARCH_PATHS = (
					"$(inherited)",
					"@executable_path/Frameworks",
				);
				MARKETING_VERSION = 1.0;
				PRODUCT_BUNDLE_IDENTIFIER = george.CoinCap;
				PRODUCT_NAME = "$(TARGET_NAME)";
				SWIFT_EMIT_LOC_STRINGS = YES;
				SWIFT_VERSION = 5.0;
				TARGETED_DEVICE_FAMILY = "1,2";
			};
			name = Debug;
		};
		5E34A40728F80A2F00637BE7 /* Release */ = {
			isa = XCBuildConfiguration;
			buildSettings = {
				ASSETCATALOG_COMPILER_APPICON_NAME = AppIcon;
				ASSETCATALOG_COMPILER_GLOBAL_ACCENT_COLOR_NAME = AccentColor;
				CODE_SIGN_STYLE = Automatic;
				CURRENT_PROJECT_VERSION = 1;
				DEVELOPMENT_TEAM = 3UW6R7LBJ3;
				GENERATE_INFOPLIST_FILE = YES;
				INFOPLIST_FILE = CoinCap/Info.plist;
				INFOPLIST_KEY_UIApplicationSupportsIndirectInputEvents = YES;
				INFOPLIST_KEY_UILaunchStoryboardName = LaunchScreen;
				INFOPLIST_KEY_UIMainStoryboardFile = "";
				INFOPLIST_KEY_UISupportedInterfaceOrientations_iPad = "UIInterfaceOrientationPortrait UIInterfaceOrientationPortraitUpsideDown UIInterfaceOrientationLandscapeLeft UIInterfaceOrientationLandscapeRight";
				INFOPLIST_KEY_UISupportedInterfaceOrientations_iPhone = "UIInterfaceOrientationPortrait UIInterfaceOrientationLandscapeLeft UIInterfaceOrientationLandscapeRight";
				LD_RUNPATH_SEARCH_PATHS = (
					"$(inherited)",
					"@executable_path/Frameworks",
				);
				MARKETING_VERSION = 1.0;
				PRODUCT_BUNDLE_IDENTIFIER = george.CoinCap;
				PRODUCT_NAME = "$(TARGET_NAME)";
				SWIFT_EMIT_LOC_STRINGS = YES;
				SWIFT_VERSION = 5.0;
				TARGETED_DEVICE_FAMILY = "1,2";
			};
			name = Release;
		};
/* End XCBuildConfiguration section */

/* Begin XCConfigurationList section */
		5E34A3EC28F80A2D00637BE7 /* Build configuration list for PBXProject "CoinCap" */ = {
			isa = XCConfigurationList;
			buildConfigurations = (
				5E34A40328F80A2F00637BE7 /* Debug */,
				5E34A40428F80A2F00637BE7 /* Release */,
			);
			defaultConfigurationIsVisible = 0;
			defaultConfigurationName = Release;
		};
		5E34A40528F80A2F00637BE7 /* Build configuration list for PBXNativeTarget "CoinCap" */ = {
			isa = XCConfigurationList;
			buildConfigurations = (
				5E34A40628F80A2F00637BE7 /* Debug */,
				5E34A40728F80A2F00637BE7 /* Release */,
			);
			defaultConfigurationIsVisible = 0;
			defaultConfigurationName = Release;
		};
/* End XCConfigurationList section */
	};
	rootObject = 5E34A3E928F80A2D00637BE7 /* Project object */;
}
